{
  "name": "Image AI gen project",
  "lockfileVersion": 3,
  "requires": true,
  "packages": {
    "": {
      "dependencies": {
        "bson": "^5.0.0"
      }
    },
    "node_modules/bson": {
      "version": "5.0.0",
      "resolved": "https://registry.npmmirror.com/bson/-/bson-5.0.0.tgz",
      "integrity": "sha512-EL2KpZdyhshyyptj6pnQfnFKPoncD9KwZYvgmj/FXQiOUU1HWTHWmBOP4TZXU3YzStcI5qgpIl68YnMo16s26A==",
      "engines": {
        "node": ">=14.20.1"
      }
    }
  }
}
